
Microsoft Visual Studio Solution File, Format Version 12.00
# Visual Studio Version 17
VisualStudioVersion = 17.0.32112.339
MinimumVisualStudioVersion = 10.0.40219.1
Project("{FAE04EC0-301F-11D3-BF4B-00C04F79EFBC}") = "lab5", "lab5.csproj", "{5BBB71E8-2FE6-4C42-BB36-22EBDDDD662B}"
EndProject
Global
	GlobalSection(SolutionConfigurationPlatforms) = preSolution
		Debug|Any CPU = Debug|Any CPU
		Release|Any CPU = Release|Any CPU
	EndGlobalSection
	GlobalSection(ProjectConfigurationPlatforms) = postSolution
		{5BBB71E8-2FE6-4C42-BB36-22EBDDDD662B}.Debug|Any CPU.ActiveCfg = Debug|Any CPU
		{5BBB71E8-2FE6-4C42-BB36-22EBDDDD662B}.Debug|Any CPU.Build.0 = Debug|Any CPU
		{5BBB71E8-2FE6-4C42-BB36-22EBDDDD662B}.Release|Any CPU.ActiveCfg = Release|Any CPU
		{5BBB71E8-2FE6-4C42-BB36-22EBDDDD662B}.Release|Any CPU.Build.0 = Release|Any CPU
	EndGlobalSection
	GlobalSection(SolutionProperties) = preSolution
		HideSolutionNode = FALSE
	EndGlobalSection
	GlobalSection(ExtensibilityGlobals) = postSolution
		SolutionGuid = {4FFF431B-D9F1-4523-A02C-6637858A6DA3}
	EndGlobalSection
EndGlobal
