
Microsoft Visual Studio Solution File, Format Version 12.00
# Visual Studio Version 17
VisualStudioVersion = 17.0.32112.339
MinimumVisualStudioVersion = 10.0.40219.1
Project("{FAE04EC0-301F-11D3-BF4B-00C04F79EFBC}") = "lab2", "lab2.csproj", "{7FBD8B7C-6011-430F-8EF4-57B5EDDE1616}"
EndProject
Global
	GlobalSection(SolutionConfigurationPlatforms) = preSolution
		Debug|Any CPU = Debug|Any CPU
		Release|Any CPU = Release|Any CPU
	EndGlobalSection
	GlobalSection(ProjectConfigurationPlatforms) = postSolution
		{7FBD8B7C-6011-430F-8EF4-57B5EDDE1616}.Debug|Any CPU.ActiveCfg = Debug|Any CPU
		{7FBD8B7C-6011-430F-8EF4-57B5EDDE1616}.Debug|Any CPU.Build.0 = Debug|Any CPU
		{7FBD8B7C-6011-430F-8EF4-57B5EDDE1616}.Release|Any CPU.ActiveCfg = Release|Any CPU
		{7FBD8B7C-6011-430F-8EF4-57B5EDDE1616}.Release|Any CPU.Build.0 = Release|Any CPU
	EndGlobalSection
	GlobalSection(SolutionProperties) = preSolution
		HideSolutionNode = FALSE
	EndGlobalSection
	GlobalSection(ExtensibilityGlobals) = postSolution
		SolutionGuid = {D67D736E-CB63-4C49-AC08-A60D0B74E627}
	EndGlobalSection
EndGlobal
